
Microsoft Visual Studio Solution File, Format Version 12.00
# Visual Studio Version 17
VisualStudioVersion = 17.3.32922.545
MinimumVisualStudioVersion = 10.0.40219.1
Project("{FAE04EC0-301F-11D3-BF4B-00C04F79EFBC}") = "SixthApp", "SixthApp\SixthApp.csproj", "{9F096A1F-B26B-4334-AC96-559751D2020E}"
EndProject
Global
	GlobalSection(SolutionConfigurationPlatforms) = preSolution
		Debug|Any CPU = Debug|Any CPU
		Release|Any CPU = Release|Any CPU
	EndGlobalSection
	GlobalSection(ProjectConfigurationPlatforms) = postSolution
		{9F096A1F-B26B-4334-AC96-559751D2020E}.Debug|Any CPU.ActiveCfg = Debug|Any CPU
		{9F096A1F-B26B-4334-AC96-559751D2020E}.Debug|Any CPU.Build.0 = Debug|Any CPU
		{9F096A1F-B26B-4334-AC96-559751D2020E}.Release|Any CPU.ActiveCfg = Release|Any CPU
		{9F096A1F-B26B-4334-AC96-559751D2020E}.Release|Any CPU.Build.0 = Release|Any CPU
	EndGlobalSection
	GlobalSection(SolutionProperties) = preSolution
		HideSolutionNode = FALSE
	EndGlobalSection
	GlobalSection(ExtensibilityGlobals) = postSolution
		SolutionGuid = {53210FD4-49A1-402C-969D-8525069A575A}
	EndGlobalSection
EndGlobal
